Microsoft Visual Studio Solution File, Format Version 12.00
# Visual Studio Version 17
VisualStudioVersion = 17.8.34525.116
MinimumVisualStudioVersion = 10.0.40219.1
Project("{9A19103F-16F7-4668-BE54-9A1E7A4F7556}") = "Jammy.Core", "Jammy.Core\Jammy.Core.csproj", "{28B746D5-F00A-41CF-A958-377E5977FADD}"
EndProject
Project("{9A19103F-16F7-4668-BE54-9A1E7A4F7556}") = "Jammy.Tests", "Jammy.Tests\Jammy.Tests.csproj", "{DE013155-48F9-4113-9CC9-FEA255EB7A2F}"
EndProject
Project("{9A19103F-16F7-4668-BE54-9A1E7A4F7556}") = "Jammy.Main", "Jammy.Main\Jammy.Main.csproj", "{BA88F3A5-956C-4BF5-9930-48C80E45537D}"
EndProject
Project("{9A19103F-16F7-4668-BE54-9A1E7A4F7556}") = "Jammy.Core.CPU.CSharp", "Jammy.Core.CPU.CSharp\Jammy.Core.CPU.CSharp.csproj", "{40CB7FFC-F498-45C3-85D8-0CE0B1903BAF}"
EndProject
Project("{9A19103F-16F7-4668-BE54-9A1E7A4F7556}") = "Jammy.Core.CPU.Musashi", "Jammy.Core.CPU.Musashi\Jammy.Core.CPU.Musashi.csproj", "{40F37BB4-CBC7-401C-B904-7805BA0E30DA}"
EndProject
Project("{9A19103F-16F7-4668-BE54-9A1E7A4F7556}") = "Jammy.Core.Interface", "Jammy.Core.Interface\Jammy.Core.Interface.csproj", "{7A2A1567-5C63-419C-A01E-9C7EA1452E99}"
EndProject
Project("{9A19103F-16F7-4668-BE54-9A1E7A4F7556}") = "Jammy.Core.Types", "Jammy.Core.Types\Jammy.Core.Types.csproj", "{6C644AA8-AFC3-442B-998B-51354872DF46}"
EndProject
Project("{9A19103F-16F7-4668-BE54-9A1E7A4F7556}") = "Jammy.Extensions", "Jammy.Extensions\Jammy.Extensions.csproj", "{698D3386-F7AA-4FDE-AFCB-17ACCEF91266}"
EndProject
Project("{9A19103F-16F7-4668-BE54-9A1E7A4F7556}") = "Jammy.Debugger", "Jammy.Debugger\Jammy.Debugger.csproj", "{B4FBC0BF-6581-44D2-ADB4-A416D16E56BF}"
EndProject
Project("{9A19103F-16F7-4668-BE54-9A1E7A4F7556}") = "Jammy.Disassembler", "Jammy.Disassembler\Jammy.Disassembler.csproj", "{C3F36710-CFC0-43A6-AF05-08FFAC9D1F76}"
EndProject
Project("{9A19103F-16F7-4668-BE54-9A1E7A4F7556}") = "Jammy.UI", "Jammy.UI\Jammy.UI.csproj", "{70DFFFED-66A7-477C-9561-CF0B1DC588D4}"
EndProject
Project("{9A19103F-16F7-4668-BE54-9A1E7A4F7556}") = "Parky.Logging.SQLite", "Parky.Logging.SQLite\Parky.Logging.SQLite.csproj", "{E5614F3B-4681-4315-BDD6-A4167332D2D3}"
EndProject
Project("{9A19103F-16F7-4668-BE54-9A1E7A4F7556}") = "Parky.Logging.DebugAsync", "Parky.Logging.DebugAsync\Parky.Logging.DebugAsync.csproj", "{7B943371-BA63-4887-8C73-7C703A319933}"
EndProject
Project("{9A19103F-16F7-4668-BE54-9A1E7A4F7556}") = "Parky.Logging.DebugAsyncRTF", "Parky.Logging.DebugAsyncRTF\Parky.Logging.DebugAsyncRTF.csproj", "{FCA17E44-0A77-43AE-8672-5C474D6630AE}"
EndProject
Project("{9A19103F-16F7-4668-BE54-9A1E7A4F7556}") = "Jammy.Interface", "Jammy.Interface\Jammy.Interface.csproj", "{F14D1BCC-997B-4FDF-9ABA-C7446EAD0E02}"
EndProject
Project("{9A19103F-16F7-4668-BE54-9A1E7A4F7556}") = "Jammy.Types", "Jammy.Types\Jammy.Types.csproj", "{BEF0C3A2-AB27-46C2-9C16-558D7BE670B4}"
EndProject
Project("{9A19103F-16F7-4668-BE54-9A1E7A4F7556}") = "Jammy.Core.CPU.CSharp.MC68020", "Jammy.Core.CPU.CSharp.MC68020\Jammy.Core.CPU.CSharp.MC68020.csproj", "{80C47CC5-11A1-489B-BAC1-0388FF30EC75}"
EndProject
Project("{9A19103F-16F7-4668-BE54-9A1E7A4F7556}") = "Jammy.Core.CPU.Musashi.MC68020", "Jammy.Core.CPU.Musashi.MC68020\Jammy.Core.CPU.Musashi.MC68020.csproj", "{5A696A65-F371-4450-9D33-3BCF2709B262}"
EndProject
Project("{9A19103F-16F7-4668-BE54-9A1E7A4F7556}") = "Jammy.Core.CPU.Musashi.MC68030", "Jammy.Core.CPU.Musashi.MC68030\Jammy.Core.CPU.Musashi.MC68030.csproj", "{609945B6-8D42-416A-9C21-AC99937F5A52}"
EndProject
Project("{9A19103F-16F7-4668-BE54-9A1E7A4F7556}") = "Jammy.UI.Settings", "Jammy.UI.Settings\Jammy.UI.Settings.csproj", "{18624203-E7E7-425D-944F-29DC0B65B388}"
EndProject
Project("{9A19103F-16F7-4668-BE54-9A1E7A4F7556}") = "Jammy.Core.EmulationWindow.GDI", "Jammy.Core.EmulationWindow.GDI\Jammy.Core.EmulationWindow.GDI.csproj", "{65B1C76E-0927-40C6-BDB7-8394ABE3EB7D}"
EndProject
Project("{9A19103F-16F7-4668-BE54-9A1E7A4F7556}") = "Jammy.Core.IO.Windows", "Jammy.Core.IO.Windows\Jammy.Core.IO.Windows.csproj", "{F1A983A3-0B8D-4A8B-A78C-5AF4086FDC37}"
EndProject
Project("{9A19103F-16F7-4668-BE54-9A1E7A4F7556}") = "Jammy.Core.EmulationWindow.DXGI", "Jammy.Core.EmulationWindow.DXGI\Jammy.Core.EmulationWindow.DXGI.csproj", "{1423117B-CBB2-4D02-A7E9-9490F87F4E4E}"
EndProject
Project("{9A19103F-16F7-4668-BE54-9A1E7A4F7556}") = "Jammy.Extensions.Windows", "Jammy.Extensions.Windows\Jammy.Extensions.Windows.csproj", "{E94C8D99-FAE4-4887-876F-C4993295BCDA}"
EndProject
Project("{9A19103F-16F7-4668-BE54-9A1E7A4F7556}") = "Parky.Logging.OutputDebugString", "Parky.Logging.OutputDebugString\Parky.Logging.OutputDebugString.csproj", "{62775AEA-81B5-40EC-AC89-434E3F116823}"
EndProject
Project("{9A19103F-16F7-4668-BE54-9A1E7A4F7556}") = "Jammy.Core.EmulationWindow.DIB", "Jammy.Core.EmulationWindow.DIB\Jammy.Core.EmulationWindow.DIB.csproj", "{8A91CE5C-CA95-4D75-A801-769CC6D2111B}"
EndProject
Project("{9A19103F-16F7-4668-BE54-9A1E7A4F7556}") = "Jammy.NativeOverlay", "Jammy.NativeOverlay\Jammy.NativeOverlay.csproj", "{6AAEC713-9AA2-43D7-83B6-621E2C86AFC5}"
EndProject
Project("{9A19103F-16F7-4668-BE54-9A1E7A4F7556}") = "Jammy.Core.CPU.Microcode", "Jammy.Core.CPU.Microcode\Jammy.Core.CPU.Microcode.csproj", "{65BF7F49-1E83-4F7E-A185-37F2AD34ACD4}"
EndProject
Global
	GlobalSection(SolutionConfigurationPlatforms) = preSolution
		Debug|Any CPU = Debug|Any CPU
		Release|Any CPU = Release|Any CPU
	EndGlobalSection
	GlobalSection(ProjectConfigurationPlatforms) = postSolution
		{28B746D5-F00A-41CF-A958-377E5977FADD}.Debug|Any CPU.ActiveCfg = Debug|Any CPU
		{28B746D5-F00A-41CF-A958-377E5977FADD}.Debug|Any CPU.Build.0 = Debug|Any CPU
		{28B746D5-F00A-41CF-A958-377E5977FADD}.Release|Any CPU.ActiveCfg = Release|Any CPU
		{28B746D5-F00A-41CF-A958-377E5977FADD}.Release|Any CPU.Build.0 = Release|Any CPU
		{DE013155-48F9-4113-9CC9-FEA255EB7A2F}.Debug|Any CPU.ActiveCfg = Debug|Any CPU
		{DE013155-48F9-4113-9CC9-FEA255EB7A2F}.Debug|Any CPU.Build.0 = Debug|Any CPU
		{DE013155-48F9-4113-9CC9-FEA255EB7A2F}.Release|Any CPU.ActiveCfg = Release|Any CPU
		{DE013155-48F9-4113-9CC9-FEA255EB7A2F}.Release|Any CPU.Build.0 = Release|Any CPU
		{BA88F3A5-956C-4BF5-9930-48C80E45537D}.Debug|Any CPU.ActiveCfg = Debug|Any CPU
		{BA88F3A5-956C-4BF5-9930-48C80E45537D}.Debug|Any CPU.Build.0 = Debug|Any CPU
		{BA88F3A5-956C-4BF5-9930-48C80E45537D}.Release|Any CPU.ActiveCfg = Release|Any CPU
		{BA88F3A5-956C-4BF5-9930-48C80E45537D}.Release|Any CPU.Build.0 = Release|Any CPU
		{40CB7FFC-F498-45C3-85D8-0CE0B1903BAF}.Debug|Any CPU.ActiveCfg = Debug|Any CPU
		{40CB7FFC-F498-45C3-85D8-0CE0B1903BAF}.Debug|Any CPU.Build.0 = Debug|Any CPU
		{40CB7FFC-F498-45C3-85D8-0CE0B1903BAF}.Release|Any CPU.ActiveCfg = Release|Any CPU
		{40CB7FFC-F498-45C3-85D8-0CE0B1903BAF}.Release|Any CPU.Build.0 = Release|Any CPU
		{40F37BB4-CBC7-401C-B904-7805BA0E30DA}.Debug|Any CPU.ActiveCfg = Debug|Any CPU
		{40F37BB4-CBC7-401C-B904-7805BA0E30DA}.Debug|Any CPU.Build.0 = Debug|Any CPU
		{40F37BB4-CBC7-401C-B904-7805BA0E30DA}.Release|Any CPU.ActiveCfg = Release|Any CPU
		{40F37BB4-CBC7-401C-B904-7805BA0E30DA}.Release|Any CPU.Build.0 = Release|Any CPU
		{7A2A1567-5C63-419C-A01E-9C7EA1452E99}.Debug|Any CPU.ActiveCfg = Debug|Any CPU
		{7A2A1567-5C63-419C-A01E-9C7EA1452E99}.Debug|Any CPU.Build.0 = Debug|Any CPU
		{7A2A1567-5C63-419C-A01E-9C7EA1452E99}.Release|Any CPU.ActiveCfg = Release|Any CPU
		{7A2A1567-5C63-419C-A01E-9C7EA1452E99}.Release|Any CPU.Build.0 = Release|Any CPU
		{6C644AA8-AFC3-442B-998B-51354872DF46}.Debug|Any CPU.ActiveCfg = Debug|Any CPU
		{6C644AA8-AFC3-442B-998B-51354872DF46}.Debug|Any CPU.Build.0 = Debug|Any CPU
		{6C644AA8-AFC3-442B-998B-51354872DF46}.Release|Any CPU.ActiveCfg = Release|Any CPU
		{6C644AA8-AFC3-442B-998B-51354872DF46}.Release|Any CPU.Build.0 = Release|Any CPU
		{698D3386-F7AA-4FDE-AFCB-17ACCEF91266}.Debug|Any CPU.ActiveCfg = Debug|Any CPU
		{698D3386-F7AA-4FDE-AFCB-17ACCEF91266}.Debug|Any CPU.Build.0 = Debug|Any CPU
		{698D3386-F7AA-4FDE-AFCB-17ACCEF91266}.Release|Any CPU.ActiveCfg = Release|Any CPU
		{698D3386-F7AA-4FDE-AFCB-17ACCEF91266}.Release|Any CPU.Build.0 = Release|Any CPU
		{B4FBC0BF-6581-44D2-ADB4-A416D16E56BF}.Debug|Any CPU.ActiveCfg = Debug|Any CPU
		{B4FBC0BF-6581-44D2-ADB4-A416D16E56BF}.Debug|Any CPU.Build.0 = Debug|Any CPU
		{B4FBC0BF-6581-44D2-ADB4-A416D16E56BF}.Release|Any CPU.ActiveCfg = Release|Any CPU
		{B4FBC0BF-6581-44D2-ADB4-A416D16E56BF}.Release|Any CPU.Build.0 = Release|Any CPU
		{C3F36710-CFC0-43A6-AF05-08FFAC9D1F76}.Debug|Any CPU.ActiveCfg = Debug|Any CPU
		{C3F36710-CFC0-43A6-AF05-08FFAC9D1F76}.Debug|Any CPU.Build.0 = Debug|Any CPU
		{C3F36710-CFC0-43A6-AF05-08FFAC9D1F76}.Release|Any CPU.ActiveCfg = Release|Any CPU
		{C3F36710-CFC0-43A6-AF05-08FFAC9D1F76}.Release|Any CPU.Build.0 = Release|Any CPU
		{70DFFFED-66A7-477C-9561-CF0B1DC588D4}.Debug|Any CPU.ActiveCfg = Debug|Any CPU
		{70DFFFED-66A7-477C-9561-CF0B1DC588D4}.Debug|Any CPU.Build.0 = Debug|Any CPU
		{70DFFFED-66A7-477C-9561-CF0B1DC588D4}.Release|Any CPU.ActiveCfg = Release|Any CPU
		{70DFFFED-66A7-477C-9561-CF0B1DC588D4}.Release|Any CPU.Build.0 = Release|Any CPU
		{E5614F3B-4681-4315-BDD6-A4167332D2D3}.Debug|Any CPU.ActiveCfg = Debug|Any CPU
		{E5614F3B-4681-4315-BDD6-A4167332D2D3}.Debug|Any CPU.Build.0 = Debug|Any CPU
		{E5614F3B-4681-4315-BDD6-A4167332D2D3}.Release|Any CPU.ActiveCfg = Release|Any CPU
		{E5614F3B-4681-4315-BDD6-A4167332D2D3}.Release|Any CPU.Build.0 = Release|Any CPU
		{7B943371-BA63-4887-8C73-7C703A319933}.Debug|Any CPU.ActiveCfg = Debug|Any CPU
		{7B943371-BA63-4887-8C73-7C703A319933}.Debug|Any CPU.Build.0 = Debug|Any CPU
		{7B943371-BA63-4887-8C73-7C703A319933}.Release|Any CPU.ActiveCfg = Release|Any CPU
		{7B943371-BA63-4887-8C73-7C703A319933}.Release|Any CPU.Build.0 = Release|Any CPU
		{FCA17E44-0A77-43AE-8672-5C474D6630AE}.Debug|Any CPU.ActiveCfg = Debug|Any CPU
		{FCA17E44-0A77-43AE-8672-5C474D6630AE}.Debug|Any CPU.Build.0 = Debug|Any CPU
		{FCA17E44-0A77-43AE-8672-5C474D6630AE}.Release|Any CPU.ActiveCfg = Release|Any CPU
		{FCA17E44-0A77-43AE-8672-5C474D6630AE}.Release|Any CPU.Build.0 = Release|Any CPU
		{F14D1BCC-997B-4FDF-9ABA-C7446EAD0E02}.Debug|Any CPU.ActiveCfg = Debug|Any CPU
		{F14D1BCC-997B-4FDF-9ABA-C7446EAD0E02}.Debug|Any CPU.Build.0 = Debug|Any CPU
		{F14D1BCC-997B-4FDF-9ABA-C7446EAD0E02}.Release|Any CPU.ActiveCfg = Release|Any CPU
		{F14D1BCC-997B-4FDF-9ABA-C7446EAD0E02}.Release|Any CPU.Build.0 = Release|Any CPU
		{BEF0C3A2-AB27-46C2-9C16-558D7BE670B4}.Debug|Any CPU.ActiveCfg = Debug|Any CPU
		{BEF0C3A2-AB27-46C2-9C16-558D7BE670B4}.Debug|Any CPU.Build.0 = Debug|Any CPU
		{BEF0C3A2-AB27-46C2-9C16-558D7BE670B4}.Release|Any CPU.ActiveCfg = Release|Any CPU
		{BEF0C3A2-AB27-46C2-9C16-558D7BE670B4}.Release|Any CPU.Build.0 = Release|Any CPU
		{80C47CC5-11A1-489B-BAC1-0388FF30EC75}.Debug|Any CPU.ActiveCfg = Debug|Any CPU
		{80C47CC5-11A1-489B-BAC1-0388FF30EC75}.Debug|Any CPU.Build.0 = Debug|Any CPU
		{80C47CC5-11A1-489B-BAC1-0388FF30EC75}.Release|Any CPU.ActiveCfg = Release|Any CPU
		{80C47CC5-11A1-489B-BAC1-0388FF30EC75}.Release|Any CPU.Build.0 = Release|Any CPU
		{5A696A65-F371-4450-9D33-3BCF2709B262}.Debug|Any CPU.ActiveCfg = Debug|Any CPU
		{5A696A65-F371-4450-9D33-3BCF2709B262}.Debug|Any CPU.Build.0 = Debug|Any CPU
		{5A696A65-F371-4450-9D33-3BCF2709B262}.Release|Any CPU.ActiveCfg = Release|Any CPU
		{5A696A65-F371-4450-9D33-3BCF2709B262}.Release|Any CPU.Build.0 = Release|Any CPU
		{609945B6-8D42-416A-9C21-AC99937F5A52}.Debug|Any CPU.ActiveCfg = Debug|Any CPU
		{609945B6-8D42-416A-9C21-AC99937F5A52}.Debug|Any CPU.Build.0 = Debug|Any CPU
		{609945B6-8D42-416A-9C21-AC99937F5A52}.Release|Any CPU.ActiveCfg = Release|Any CPU
		{609945B6-8D42-416A-9C21-AC99937F5A52}.Release|Any CPU.Build.0 = Release|Any CPU
		{18624203-E7E7-425D-944F-29DC0B65B388}.Debug|Any CPU.ActiveCfg = Debug|Any CPU
		{18624203-E7E7-425D-944F-29DC0B65B388}.Debug|Any CPU.Build.0 = Debug|Any CPU
		{18624203-E7E7-425D-944F-29DC0B65B388}.Release|Any CPU.ActiveCfg = Release|Any CPU
		{18624203-E7E7-425D-944F-29DC0B65B388}.Release|Any CPU.Build.0 = Release|Any CPU
		{65B1C76E-0927-40C6-BDB7-8394ABE3EB7D}.Debug|Any CPU.ActiveCfg = Debug|Any CPU
		{65B1C76E-0927-40C6-BDB7-8394ABE3EB7D}.Debug|Any CPU.Build.0 = Debug|Any CPU
		{65B1C76E-0927-40C6-BDB7-8394ABE3EB7D}.Release|Any CPU.ActiveCfg = Release|Any CPU
		{65B1C76E-0927-40C6-BDB7-8394ABE3EB7D}.Release|Any CPU.Build.0 = Release|Any CPU
		{F1A983A3-0B8D-4A8B-A78C-5AF4086FDC37}.Debug|Any CPU.ActiveCfg = Debug|Any CPU
		{F1A983A3-0B8D-4A8B-A78C-5AF4086FDC37}.Debug|Any CPU.Build.0 = Debug|Any CPU
		{F1A983A3-0B8D-4A8B-A78C-5AF4086FDC37}.Release|Any CPU.ActiveCfg = Release|Any CPU
		{F1A983A3-0B8D-4A8B-A78C-5AF4086FDC37}.Release|Any CPU.Build.0 = Release|Any CPU
		{1423117B-CBB2-4D02-A7E9-9490F87F4E4E}.Debug|Any CPU.ActiveCfg = Debug|Any CPU
		{1423117B-CBB2-4D02-A7E9-9490F87F4E4E}.Debug|Any CPU.Build.0 = Debug|Any CPU
		{1423117B-CBB2-4D02-A7E9-9490F87F4E4E}.Release|Any CPU.ActiveCfg = Release|Any CPU
		{1423117B-CBB2-4D02-A7E9-9490F87F4E4E}.Release|Any CPU.Build.0 = Release|Any CPU
		{E94C8D99-FAE4-4887-876F-C4993295BCDA}.Debug|Any CPU.ActiveCfg = Debug|Any CPU
		{E94C8D99-FAE4-4887-876F-C4993295BCDA}.Debug|Any CPU.Build.0 = Debug|Any CPU
		{E94C8D99-FAE4-4887-876F-C4993295BCDA}.Release|Any CPU.ActiveCfg = Release|Any CPU
		{E94C8D99-FAE4-4887-876F-C4993295BCDA}.Release|Any CPU.Build.0 = Release|Any CPU
		{62775AEA-81B5-40EC-AC89-434E3F116823}.Debug|Any CPU.ActiveCfg = Debug|Any CPU
		{62775AEA-81B5-40EC-AC89-434E3F116823}.Debug|Any CPU.Build.0 = Debug|Any CPU
		{62775AEA-81B5-40EC-AC89-434E3F116823}.Release|Any CPU.ActiveCfg = Release|Any CPU
		{62775AEA-81B5-40EC-AC89-434E3F116823}.Release|Any CPU.Build.0 = Release|Any CPU
		{8A91CE5C-CA95-4D75-A801-769CC6D2111B}.Debug|Any CPU.ActiveCfg = Debug|Any CPU
		{8A91CE5C-CA95-4D75-A801-769CC6D2111B}.Debug|Any CPU.Build.0 = Debug|Any CPU
		{8A91CE5C-CA95-4D75-A801-769CC6D2111B}.Release|Any CPU.ActiveCfg = Release|Any CPU
		{8A91CE5C-CA95-4D75-A801-769CC6D2111B}.Release|Any CPU.Build.0 = Release|Any CPU
		{6AAEC713-9AA2-43D7-83B6-621E2C86AFC5}.Debug|Any CPU.ActiveCfg = Debug|Any CPU
		{6AAEC713-9AA2-43D7-83B6-621E2C86AFC5}.Debug|Any CPU.Build.0 = Debug|Any CPU
		{6AAEC713-9AA2-43D7-83B6-621E2C86AFC5}.Release|Any CPU.ActiveCfg = Release|Any CPU
		{6AAEC713-9AA2-43D7-83B6-621E2C86AFC5}.Release|Any CPU.Build.0 = Release|Any CPU
		{65BF7F49-1E83-4F7E-A185-37F2AD34ACD4}.Debug|Any CPU.ActiveCfg = Debug|Any CPU
		{65BF7F49-1E83-4F7E-A185-37F2AD34ACD4}.Debug|Any CPU.Build.0 = Debug|Any CPU
		{65BF7F49-1E83-4F7E-A185-37F2AD34ACD4}.Release|Any CPU.ActiveCfg = Release|Any CPU
		{65BF7F49-1E83-4F7E-A185-37F2AD34ACD4}.Release|Any CPU.Build.0 = Release|Any CPU
	EndGlobalSection
	GlobalSection(SolutionProperties) = preSolution
		HideSolutionNode = FALSE
	EndGlobalSection
	GlobalSection(ExtensibilityGlobals) = postSolution
		SolutionGuid = {74276A2F-532F-4D6A-846A-BFBC2B38FA03}
	EndGlobalSection
EndGlobal
